
Microsoft Visual Studio Solution File, Format Version 12.00
# Visual Studio Version 17
VisualStudioVersion = 17.5.002.0
MinimumVisualStudioVersion = 10.0.40219.1
Project("{9A19103F-16F7-4668-BE54-9A1E7A4F7556}") = "DatabaseApi", "DatabaseApi.csproj", "{A73FB7E5-7C5A-49CC-B8D4-E57989EFE7D6}"
EndProject
Global
	GlobalSection(SolutionConfigurationPlatforms) = preSolution
		Debug|Any CPU = Debug|Any CPU
		Release|Any CPU = Release|Any CPU
	EndGlobalSection
	GlobalSection(ProjectConfigurationPlatforms) = postSolution
		{A73FB7E5-7C5A-49CC-B8D4-E57989EFE7D6}.Debug|Any CPU.ActiveCfg = Debug|Any CPU
		{A73FB7E5-7C5A-49CC-B8D4-E57989EFE7D6}.Debug|Any CPU.Build.0 = Debug|Any CPU
		{A73FB7E5-7C5A-49CC-B8D4-E57989EFE7D6}.Release|Any CPU.ActiveCfg = Release|Any CPU
		{A73FB7E5-7C5A-49CC-B8D4-E57989EFE7D6}.Release|Any CPU.Build.0 = Release|Any CPU
	EndGlobalSection
	GlobalSection(SolutionProperties) = preSolution
		HideSolutionNode = FALSE
	EndGlobalSection
	GlobalSection(ExtensibilityGlobals) = postSolution
		SolutionGuid = {28E164E2-9058-471C-AAF6-DB93728DCF39}
	EndGlobalSection
EndGlobal
